
Microsoft Visual Studio Solution File, Format Version 12.00
# Visual Studio Version 17
VisualStudioVersion = 17.13.35825.156 d17.13
MinimumVisualStudioVersion = 10.0.40219.1
Project("{FAE04EC0-301F-11D3-BF4B-00C04F79EFBC}") = "WindowToggler", "WindowToggler\WindowToggler.csproj", "{2B3DB52C-4214-4C51-811E-D9307132FEE8}"
EndProject
Global
	GlobalSection(SolutionConfigurationPlatforms) = preSolution
		Debug|Any CPU = Debug|Any CPU
		Release|Any CPU = Release|Any CPU
	EndGlobalSection
	GlobalSection(ProjectConfigurationPlatforms) = postSolution
		{2B3DB52C-4214-4C51-811E-D9307132FEE8}.Debug|Any CPU.ActiveCfg = Debug|Any CPU
		{2B3DB52C-4214-4C51-811E-D9307132FEE8}.Debug|Any CPU.Build.0 = Debug|Any CPU
		{2B3DB52C-4214-4C51-811E-D9307132FEE8}.Release|Any CPU.ActiveCfg = Release|Any CPU
		{2B3DB52C-4214-4C51-811E-D9307132FEE8}.Release|Any CPU.Build.0 = Release|Any CPU
	EndGlobalSection
	GlobalSection(SolutionProperties) = preSolution
		HideSolutionNode = FALSE
	EndGlobalSection
	GlobalSection(ExtensibilityGlobals) = postSolution
		SolutionGuid = {D2F490E2-92D5-48AE-B73B-780C28740885}
	EndGlobalSection
EndGlobal
